
Microsoft Visual Studio Solution File, Format Version 12.00
# Visual Studio 15
VisualStudioVersion = 15.0.28307.757
MinimumVisualStudioVersion = 10.0.40219.1
Project("{FAE04EC0-301F-11D3-BF4B-00C04F79EFBC}") = "HomeworkCS2_1", "HomeworkCS2_1\HomeworkCS2_1.csproj", "{0EDF105D-37C5-43EB-898C-DEF1662A5A5D}"
EndProject
Global
	GlobalSection(SolutionConfigurationPlatforms) = preSolution
		Debug|Any CPU = Debug|Any CPU
		Release|Any CPU = Release|Any CPU
	EndGlobalSection
	GlobalSection(ProjectConfigurationPlatforms) = postSolution
		{0EDF105D-37C5-43EB-898C-DEF1662A5A5D}.Debug|Any CPU.ActiveCfg = Debug|Any CPU
		{0EDF105D-37C5-43EB-898C-DEF1662A5A5D}.Debug|Any CPU.Build.0 = Debug|Any CPU
		{0EDF105D-37C5-43EB-898C-DEF1662A5A5D}.Release|Any CPU.ActiveCfg = Release|Any CPU
		{0EDF105D-37C5-43EB-898C-DEF1662A5A5D}.Release|Any CPU.Build.0 = Release|Any CPU
	EndGlobalSection
	GlobalSection(SolutionProperties) = preSolution
		HideSolutionNode = FALSE
	EndGlobalSection
	GlobalSection(ExtensibilityGlobals) = postSolution
		SolutionGuid = {AF706BA6-39E3-4458-9B5F-627DE43692AD}
	EndGlobalSection
EndGlobal
